
Microsoft Visual Studio Solution File, Format Version 12.00
# Visual Studio Version 17
VisualStudioVersion = 17.9.34622.214
MinimumVisualStudioVersion = 10.0.40219.1
Project("{FAE04EC0-301F-11D3-BF4B-00C04F79EFBC}") = "PV_Olsbro_2024", "PV_Olsbro_2024.csproj", "{75E36EEA-7E33-49A1-B824-9F6E87C7321E}"
EndProject
Global
	GlobalSection(SolutionConfigurationPlatforms) = preSolution
		Debug|Any CPU = Debug|Any CPU
		Release|Any CPU = Release|Any CPU
	EndGlobalSection
	GlobalSection(ProjectConfigurationPlatforms) = postSolution
		{75E36EEA-7E33-49A1-B824-9F6E87C7321E}.Debug|Any CPU.ActiveCfg = Debug|Any CPU
		{75E36EEA-7E33-49A1-B824-9F6E87C7321E}.Debug|Any CPU.Build.0 = Debug|Any CPU
		{75E36EEA-7E33-49A1-B824-9F6E87C7321E}.Release|Any CPU.ActiveCfg = Release|Any CPU
		{75E36EEA-7E33-49A1-B824-9F6E87C7321E}.Release|Any CPU.Build.0 = Release|Any CPU
	EndGlobalSection
	GlobalSection(SolutionProperties) = preSolution
		HideSolutionNode = FALSE
	EndGlobalSection
	GlobalSection(ExtensibilityGlobals) = postSolution
		SolutionGuid = {9569AD9A-4C31-4C47-AC44-75B8F1802397}
	EndGlobalSection
EndGlobal
